
Microsoft Visual Studio Solution File, Format Version 12.00
# Visual Studio Version 17
VisualStudioVersion = 17.5.33627.172
MinimumVisualStudioVersion = 10.0.40219.1
Project("{9A19103F-16F7-4668-BE54-9A1E7A4F7556}") = "EnvironmentInteraction", "EnvironmentInteraction\EnvironmentInteraction.csproj", "{F280474F-5F34-4766-8641-2B6BD4863B63}"
EndProject
Project("{9A19103F-16F7-4668-BE54-9A1E7A4F7556}") = "Learning", "Learning\Learning.csproj", "{3182BAEA-C3C0-4BB3-89F6-977EDF6173D7}"
EndProject
Project("{9A19103F-16F7-4668-BE54-9A1E7A4F7556}") = "ThreadsInUI", "ThreadsInUI\ThreadsInUI.csproj", "{89F38168-84FB-4B8A-A955-7CD23BF82B8B}"
EndProject
Project("{9A19103F-16F7-4668-BE54-9A1E7A4F7556}") = "CarLibrary", "CarLibrary\CarLibrary.csproj", "{84C18239-4579-4A7B-88C8-55402771C288}"
EndProject
Project("{9A19103F-16F7-4668-BE54-9A1E7A4F7556}") = "CarClient", "CarClient\CarClient.csproj", "{288666BD-94A1-4822-A16F-652F94A32D73}"
EndProject
Global
	GlobalSection(SolutionConfigurationPlatforms) = preSolution
		Debug|Any CPU = Debug|Any CPU
		Release|Any CPU = Release|Any CPU
	EndGlobalSection
	GlobalSection(ProjectConfigurationPlatforms) = postSolution
		{F280474F-5F34-4766-8641-2B6BD4863B63}.Debug|Any CPU.ActiveCfg = Debug|Any CPU
		{F280474F-5F34-4766-8641-2B6BD4863B63}.Debug|Any CPU.Build.0 = Debug|Any CPU
		{F280474F-5F34-4766-8641-2B6BD4863B63}.Release|Any CPU.ActiveCfg = Release|Any CPU
		{F280474F-5F34-4766-8641-2B6BD4863B63}.Release|Any CPU.Build.0 = Release|Any CPU
		{3182BAEA-C3C0-4BB3-89F6-977EDF6173D7}.Debug|Any CPU.ActiveCfg = Debug|Any CPU
		{3182BAEA-C3C0-4BB3-89F6-977EDF6173D7}.Debug|Any CPU.Build.0 = Debug|Any CPU
		{3182BAEA-C3C0-4BB3-89F6-977EDF6173D7}.Release|Any CPU.ActiveCfg = Release|Any CPU
		{3182BAEA-C3C0-4BB3-89F6-977EDF6173D7}.Release|Any CPU.Build.0 = Release|Any CPU
		{89F38168-84FB-4B8A-A955-7CD23BF82B8B}.Debug|Any CPU.ActiveCfg = Debug|Any CPU
		{89F38168-84FB-4B8A-A955-7CD23BF82B8B}.Debug|Any CPU.Build.0 = Debug|Any CPU
		{89F38168-84FB-4B8A-A955-7CD23BF82B8B}.Release|Any CPU.ActiveCfg = Release|Any CPU
		{89F38168-84FB-4B8A-A955-7CD23BF82B8B}.Release|Any CPU.Build.0 = Release|Any CPU
		{84C18239-4579-4A7B-88C8-55402771C288}.Debug|Any CPU.ActiveCfg = Debug|Any CPU
		{84C18239-4579-4A7B-88C8-55402771C288}.Debug|Any CPU.Build.0 = Debug|Any CPU
		{84C18239-4579-4A7B-88C8-55402771C288}.Release|Any CPU.ActiveCfg = Release|Any CPU
		{84C18239-4579-4A7B-88C8-55402771C288}.Release|Any CPU.Build.0 = Release|Any CPU
		{288666BD-94A1-4822-A16F-652F94A32D73}.Debug|Any CPU.ActiveCfg = Debug|Any CPU
		{288666BD-94A1-4822-A16F-652F94A32D73}.Debug|Any CPU.Build.0 = Debug|Any CPU
		{288666BD-94A1-4822-A16F-652F94A32D73}.Release|Any CPU.ActiveCfg = Release|Any CPU
		{288666BD-94A1-4822-A16F-652F94A32D73}.Release|Any CPU.Build.0 = Release|Any CPU
	EndGlobalSection
	GlobalSection(SolutionProperties) = preSolution
		HideSolutionNode = FALSE
	EndGlobalSection
	GlobalSection(ExtensibilityGlobals) = postSolution
		SolutionGuid = {6CD2D308-4A5C-4B79-A870-51E68FED9414}
	EndGlobalSection
EndGlobal
